
Microsoft Visual Studio Solution File, Format Version 12.00
# Visual Studio Version 16
VisualStudioVersion = 16.0.31410.357
MinimumVisualStudioVersion = 10.0.40219.1
Project("{FAE04EC0-301F-11D3-BF4B-00C04F79EFBC}") = "StockManagement", "StockManagement\StockManagement.csproj", "{5BEE4377-6CCD-42E7-99DD-D5003A545FE0}"
EndProject
Global
	GlobalSection(SolutionConfigurationPlatforms) = preSolution
		Debug|Any CPU = Debug|Any CPU
		Release|Any CPU = Release|Any CPU
	EndGlobalSection
	GlobalSection(ProjectConfigurationPlatforms) = postSolution
		{5BEE4377-6CCD-42E7-99DD-D5003A545FE0}.Debug|Any CPU.ActiveCfg = Debug|Any CPU
		{5BEE4377-6CCD-42E7-99DD-D5003A545FE0}.Debug|Any CPU.Build.0 = Debug|Any CPU
		{5BEE4377-6CCD-42E7-99DD-D5003A545FE0}.Release|Any CPU.ActiveCfg = Release|Any CPU
		{5BEE4377-6CCD-42E7-99DD-D5003A545FE0}.Release|Any CPU.Build.0 = Release|Any CPU
	EndGlobalSection
	GlobalSection(SolutionProperties) = preSolution
		HideSolutionNode = FALSE
	EndGlobalSection
	GlobalSection(ExtensibilityGlobals) = postSolution
		SolutionGuid = {F32F3FA3-1970-4402-989D-C8CB1605954B}
	EndGlobalSection
EndGlobal
